
Microsoft Visual Studio Solution File, Format Version 12.00
# Visual Studio 15
VisualStudioVersion = 15.0.28010.0
MinimumVisualStudioVersion = 10.0.40219.1
Project("{FAE04EC0-301F-11D3-BF4B-00C04F79EFBC}") = "VCAngular", "VCAngular\VCAngular.csproj", "{A8EFB687-D41C-46A1-8E51-B9DA2E237EA5}"
EndProject
Global
	GlobalSection(SolutionConfigurationPlatforms) = preSolution
		Debug|Any CPU = Debug|Any CPU
		Release|Any CPU = Release|Any CPU
	EndGlobalSection
	GlobalSection(ProjectConfigurationPlatforms) = postSolution
		{A8EFB687-D41C-46A1-8E51-B9DA2E237EA5}.Debug|Any CPU.ActiveCfg = Debug|Any CPU
		{A8EFB687-D41C-46A1-8E51-B9DA2E237EA5}.Debug|Any CPU.Build.0 = Debug|Any CPU
		{A8EFB687-D41C-46A1-8E51-B9DA2E237EA5}.Release|Any CPU.ActiveCfg = Release|Any CPU
		{A8EFB687-D41C-46A1-8E51-B9DA2E237EA5}.Release|Any CPU.Build.0 = Release|Any CPU
	EndGlobalSection
	GlobalSection(SolutionProperties) = preSolution
		HideSolutionNode = FALSE
	EndGlobalSection
	GlobalSection(ExtensibilityGlobals) = postSolution
		SolutionGuid = {FAD20DF7-84BF-46E7-8781-64023BF2E991}
	EndGlobalSection
EndGlobal
